// !$*UTF8*$!
{
	archiveVersion = 1;
	classes = {
	};
	objectVersion = 77;
	objects = {

/* Begin PBXBuildFile section */
		10B07D0848312BA79330D207 /* PaintSoftwareUITests.swift in Sources */ = {isa = PBXBuildFile; fileRef = 9A3A0221A22D3DDFCD4EEF94 /* PaintSoftwareUITests.swift */; };
		4E03FE4A7BAA4323E6837013 /* Foundation.framework in Frameworks */ = {isa = PBXBuildFile; fileRef = 7F624FB57490A92DFBDB344A /* Foundation.framework */; };
		A1B2C3D4E5F600112233445F /* BrushEngineLogicTests.swift in Sources */ = {isa = PBXBuildFile; fileRef = A1B2C3D4E5F6001122334455 /* BrushEngineLogicTests.swift */; };
		C9D0E1F2A3B4C5D6E7F80102 /* BackupManagerLogicTests.swift in Sources */ = {isa = PBXBuildFile; fileRef = C9D0E1F2A3B4C5D6E7F80101 /* BackupManagerLogicTests.swift */; };
		C9D0E1F2A3B4C5D6E7F80104 /* PaintSoftware/Services/ProjectBackupManager.swift in Sources */ = {isa = PBXBuildFile; fileRef = C9D0E1F2A3B4C5D6E7F80103 /* PaintSoftware/Services/ProjectBackupManager.swift */; };
		B2C3D4E5F6001122334455A2 /* PaintSoftware/Engine/Brush.swift in Sources */ = {isa = PBXBuildFile; fileRef = B2C3D4E5F6001122334455A1 /* PaintSoftware/Engine/Brush.swift */; };
		B2C3D4E5F6001122334455B2 /* PaintSoftware/Engine/StrokeStabilizer.swift in Sources */ = {isa = PBXBuildFile; fileRef = B2C3D4E5F6001122334455B1 /* PaintSoftware/Engine/StrokeStabilizer.swift */; };
		B2C3D4E5F6001122334455C2 /* PaintSoftware/Engine/ShapeGeometry.swift in Sources */ = {isa = PBXBuildFile; fileRef = B2C3D4E5F6001122334455C1 /* PaintSoftware/Engine/ShapeGeometry.swift */; };
		B2C3D4E5F6001122334455D2 /* PaintSoftware/Engine/ShapeDetector.swift in Sources */ = {isa = PBXBuildFile; fileRef = B2C3D4E5F6001122334455D1 /* PaintSoftware/Engine/ShapeDetector.swift */; };
		B2C3D4E5F6001122334455E2 /* ShapeDetectorLogicTests.swift in Sources */ = {isa = PBXBuildFile; fileRef = B2C3D4E5F6001122334455E1 /* ShapeDetectorLogicTests.swift */; };
		DEC0DE000000000000000002 /* CanvasManagerTestSupport.swift in Sources */ = {isa = PBXBuildFile; fileRef = DEC0DE000000000000000001 /* CanvasManagerTestSupport.swift */; };
		DEC0DE000000000000000004 /* CelCRUDCharacterizationTests.swift in Sources */ = {isa = PBXBuildFile; fileRef = DEC0DE000000000000000003 /* CelCRUDCharacterizationTests.swift */; };
		DEC0DE000000000000000006 /* LayerTreeCharacterizationTests.swift in Sources */ = {isa = PBXBuildFile; fileRef = DEC0DE000000000000000005 /* LayerTreeCharacterizationTests.swift */; };
		DEC0DE000000000000000008 /* ViewPresetCharacterizationTests.swift in Sources */ = {isa = PBXBuildFile; fileRef = DEC0DE000000000000000007 /* ViewPresetCharacterizationTests.swift */; };
		DEC0DE00000000000000000A /* PaintSoftware/Engine/BrushLibrary.swift in Sources */ = {isa = PBXBuildFile; fileRef = DEC0DE000000000000000009 /* PaintSoftware/Engine/BrushLibrary.swift */; };
		DEC0DE00000000000000000C /* PaintSoftware/Engine/BrushStamper.swift in Sources */ = {isa = PBXBuildFile; fileRef = DEC0DE00000000000000000B /* PaintSoftware/Engine/BrushStamper.swift */; };
		DEC0DE00000000000000000E /* PaintSoftware/Engine/MetalFillEngine.swift in Sources */ = {isa = PBXBuildFile; fileRef = DEC0DE00000000000000000D /* PaintSoftware/Engine/MetalFillEngine.swift */; };
		DEC0DE000000000000000010 /* PaintSoftware/Engine/RasterLayerTexture.swift in Sources */ = {isa = PBXBuildFile; fileRef = DEC0DE00000000000000000F /* PaintSoftware/Engine/RasterLayerTexture.swift */; };
		DEC0DE000000000000000012 /* PaintSoftware/Engine/StrokeInput.swift in Sources */ = {isa = PBXBuildFile; fileRef = DEC0DE000000000000000011 /* PaintSoftware/Engine/StrokeInput.swift */; };
		DEC0DE000000000000000014 /* PaintSoftware/Engine/VectorLayer.swift in Sources */ = {isa = PBXBuildFile; fileRef = DEC0DE000000000000000013 /* PaintSoftware/Engine/VectorLayer.swift */; };
		DEC0DE000000000000000016 /* PaintSoftware/Models/CanvasManager.swift in Sources */ = {isa = PBXBuildFile; fileRef = DEC0DE000000000000000015 /* PaintSoftware/Models/CanvasManager.swift */; };
		DEC0DE00000000000000005D /* PaintSoftware/Models/CanvasManager+Fill.swift in Sources */ = {isa = PBXBuildFile; fileRef = DEC0DE00000000000000005C /* PaintSoftware/Models/CanvasManager+Fill.swift */; };
		DEC0DE00000000000000005B /* PaintSoftware/Models/CanvasManager+Shape.swift in Sources */ = {isa = PBXBuildFile; fileRef = DEC0DE00000000000000005A /* PaintSoftware/Models/CanvasManager+Shape.swift */; };
		DEC0DE000000000000000059 /* PaintSoftware/Models/CanvasManager+Undo.swift in Sources */ = {isa = PBXBuildFile; fileRef = DEC0DE000000000000000058 /* PaintSoftware/Models/CanvasManager+Undo.swift */; };
		DEC0DE000000000000000057 /* PaintSoftware/Models/CanvasManager+LayerTree.swift in Sources */ = {isa = PBXBuildFile; fileRef = DEC0DE000000000000000056 /* PaintSoftware/Models/CanvasManager+LayerTree.swift */; };
		DEC0DE000000000000000055 /* PaintSoftware/Models/CanvasManager+Document.swift in Sources */ = {isa = PBXBuildFile; fileRef = DEC0DE000000000000000054 /* PaintSoftware/Models/CanvasManager+Document.swift */; };
		DEC0DE000000000000000053 /* PaintSoftware/Models/CanvasManager+ViewPresets.swift in Sources */ = {isa = PBXBuildFile; fileRef = DEC0DE000000000000000052 /* PaintSoftware/Models/CanvasManager+ViewPresets.swift */; };
		DEC0DE000000000000000051 /* PaintSoftware/Models/CanvasManager+Timeline.swift in Sources */ = {isa = PBXBuildFile; fileRef = DEC0DE000000000000000050 /* PaintSoftware/Models/CanvasManager+Timeline.swift */; };
		DEC0DE000000000000000018 /* PaintSoftware/Models/Palette.swift in Sources */ = {isa = PBXBuildFile; fileRef = DEC0DE000000000000000017 /* PaintSoftware/Models/Palette.swift */; };
		DEC0DE00000000000000001A /* PaintSoftware/Models/ProjectManifest.swift in Sources */ = {isa = PBXBuildFile; fileRef = DEC0DE000000000000000019 /* PaintSoftware/Models/ProjectManifest.swift */; };
		DEC0DE00000000000000001C /* PaintSoftware/Models/SelectionModels.swift in Sources */ = {isa = PBXBuildFile; fileRef = DEC0DE00000000000000001B /* PaintSoftware/Models/SelectionModels.swift */; };
		DEC0DE00000000000000001E /* PaintSoftware/Models/UndoHistory.swift in Sources */ = {isa = PBXBuildFile; fileRef = DEC0DE00000000000000001D /* PaintSoftware/Models/UndoHistory.swift */; };
		DEC0DE000000000000000020 /* PaintSoftware/Services/PixelOps.swift in Sources */ = {isa = PBXBuildFile; fileRef = DEC0DE00000000000000001F /* PaintSoftware/Services/PixelOps.swift */; };
		DEC0DE000000000000000022 /* PaintSoftware/Services/ProjectStore.swift in Sources */ = {isa = PBXBuildFile; fileRef = DEC0DE000000000000000021 /* PaintSoftware/Services/ProjectStore.swift */; };
		DEC0DE000000000000000024 /* PaintSoftware/Utilities/AppVersion.swift in Sources */ = {isa = PBXBuildFile; fileRef = DEC0DE000000000000000023 /* PaintSoftware/Utilities/AppVersion.swift */; };
		DEC0DE000000000000000026 /* PaintSoftware/Utilities/ColorConversion.swift in Sources */ = {isa = PBXBuildFile; fileRef = DEC0DE000000000000000025 /* PaintSoftware/Utilities/ColorConversion.swift */; };
		DEC0DE000000000000000028 /* PaintSoftware/Utilities/ColorMath.swift in Sources */ = {isa = PBXBuildFile; fileRef = DEC0DE000000000000000027 /* PaintSoftware/Utilities/ColorMath.swift */; };
		DEC0DE00000000000000002A /* PaintSoftware/Utilities/ThumbnailRenderer.swift in Sources */ = {isa = PBXBuildFile; fileRef = DEC0DE000000000000000029 /* PaintSoftware/Utilities/ThumbnailRenderer.swift */; };
		DEC0DE0000000000000000F2 /* PerfBaselineTests.swift in Sources */ = {isa = PBXBuildFile; fileRef = DEC0DE0000000000000000F1 /* PerfBaselineTests.swift */; };
		DEC0DE000000000000000031 /* PaintSoftware/Models/Tool.swift in Sources */ = {isa = PBXBuildFile; fileRef = DEC0DE000000000000000030 /* PaintSoftware/Models/Tool.swift */; };
		DEC0DE000000000000000033 /* PaintSoftware/Models/LayerFolder.swift in Sources */ = {isa = PBXBuildFile; fileRef = DEC0DE000000000000000032 /* PaintSoftware/Models/LayerFolder.swift */; };
		DEC0DE000000000000000035 /* PaintSoftware/Models/ViewPreset.swift in Sources */ = {isa = PBXBuildFile; fileRef = DEC0DE000000000000000034 /* PaintSoftware/Models/ViewPreset.swift */; };
		DEC0DE000000000000000037 /* PaintSoftware/Models/LayerStackRow.swift in Sources */ = {isa = PBXBuildFile; fileRef = DEC0DE000000000000000036 /* PaintSoftware/Models/LayerStackRow.swift */; };
		DEC0DE000000000000000039 /* PaintSoftware/Models/Cel.swift in Sources */ = {isa = PBXBuildFile; fileRef = DEC0DE000000000000000038 /* PaintSoftware/Models/Cel.swift */; };
		DEC0DE00000000000000003B /* PaintSoftware/Models/CopiedCel.swift in Sources */ = {isa = PBXBuildFile; fileRef = DEC0DE00000000000000003A /* PaintSoftware/Models/CopiedCel.swift */; };
		DEC0DE00000000000000003D /* PaintSoftware/Models/LayerKind.swift in Sources */ = {isa = PBXBuildFile; fileRef = DEC0DE00000000000000003C /* PaintSoftware/Models/LayerKind.swift */; };
		DEC0DE00000000000000003F /* PaintSoftware/Models/Layer.swift in Sources */ = {isa = PBXBuildFile; fileRef = DEC0DE00000000000000003E /* PaintSoftware/Models/Layer.swift */; };
		DEC0DE000000000000000041 /* PaintSoftware/Models/LayerTransform.swift in Sources */ = {isa = PBXBuildFile; fileRef = DEC0DE000000000000000040 /* PaintSoftware/Models/LayerTransform.swift */; };
/* End PBXBuildFile section */

/* Begin PBXContainerItemProxy section */
		109D364A5E5FD5D759F434A6 /* PBXContainerItemProxy */ = {
			isa = PBXContainerItemProxy;
			containerPortal = 3FC5E34D300DBDA400401D35 /* Project object */;
			proxyType = 1;
			remoteGlobalIDString = 3FC5E354300DBDA400401D35;
			remoteInfo = PaintSoftware;
		};
/* End PBXContainerItemProxy section */

/* Begin PBXFileReference section */
		1F2F226A8353848514BB7213 /* PaintSoftwareUITests.xctest */ = {isa = PBXFileReference; explicitFileType = wrapper.cfbundle; includeInIndex = 0; path = PaintSoftwareUITests.xctest; sourceTree = BUILT_PRODUCTS_DIR; };
		3FC5E355300DBDA400401D35 /* PaintSoftware.app */ = {isa = PBXFileReference; explicitFileType = wrapper.application; includeInIndex = 0; path = PaintSoftware.app; sourceTree = BUILT_PRODUCTS_DIR; };
		7F624FB57490A92DFBDB344A /* Foundation.framework */ = {isa = PBXFileReference; lastKnownFileType = wrapper.framework; name = Foundation.framework; path = Platforms/iPhoneOS.platform/Developer/SDKs/iPhoneOS26.0.sdk/System/Library/Frameworks/Foundation.framework; sourceTree = DEVELOPER_DIR; };
		9A3A0221A22D3DDFCD4EEF94 /* PaintSoftwareUITests.swift */ = {isa = PBXFileReference; includeInIndex = 1; lastKnownFileType = sourcecode.swift; path = PaintSoftwareUITests.swift; sourceTree = "<group>"; };
		A1B2C3D4E5F6001122334455 /* BrushEngineLogicTests.swift */ = {isa = PBXFileReference; includeInIndex = 1; lastKnownFileType = sourcecode.swift; path = BrushEngineLogicTests.swift; sourceTree = "<group>"; };
		C9D0E1F2A3B4C5D6E7F80101 /* BackupManagerLogicTests.swift */ = {isa = PBXFileReference; includeInIndex = 1; lastKnownFileType = sourcecode.swift; path = BackupManagerLogicTests.swift; sourceTree = "<group>"; };
		C9D0E1F2A3B4C5D6E7F80103 /* PaintSoftware/Services/ProjectBackupManager.swift */ = {isa = PBXFileReference; includeInIndex = 1; lastKnownFileType = sourcecode.swift; path = PaintSoftware/Services/ProjectBackupManager.swift; sourceTree = "<group>"; };
		B2C3D4E5F6001122334455A1 /* PaintSoftware/Engine/Brush.swift */ = {isa = PBXFileReference; includeInIndex = 1; lastKnownFileType = sourcecode.swift; path = PaintSoftware/Engine/Brush.swift; sourceTree = "<group>"; };
		B2C3D4E5F6001122334455B1 /* PaintSoftware/Engine/StrokeStabilizer.swift */ = {isa = PBXFileReference; includeInIndex = 1; lastKnownFileType = sourcecode.swift; path = PaintSoftware/Engine/StrokeStabilizer.swift; sourceTree = "<group>"; };
		B2C3D4E5F6001122334455C1 /* PaintSoftware/Engine/ShapeGeometry.swift */ = {isa = PBXFileReference; includeInIndex = 1; lastKnownFileType = sourcecode.swift; path = PaintSoftware/Engine/ShapeGeometry.swift; sourceTree = "<group>"; };
		B2C3D4E5F6001122334455D1 /* PaintSoftware/Engine/ShapeDetector.swift */ = {isa = PBXFileReference; includeInIndex = 1; lastKnownFileType = sourcecode.swift; path = PaintSoftware/Engine/ShapeDetector.swift; sourceTree = "<group>"; };
		B2C3D4E5F6001122334455E1 /* ShapeDetectorLogicTests.swift */ = {isa = PBXFileReference; includeInIndex = 1; lastKnownFileType = sourcecode.swift; path = ShapeDetectorLogicTests.swift; sourceTree = "<group>"; };
		DEC0DE000000000000000001 /* CanvasManagerTestSupport.swift */ = {isa = PBXFileReference; includeInIndex = 1; lastKnownFileType = sourcecode.swift; path = CanvasManagerTestSupport.swift; sourceTree = "<group>"; };
		DEC0DE000000000000000003 /* CelCRUDCharacterizationTests.swift */ = {isa = PBXFileReference; includeInIndex = 1; lastKnownFileType = sourcecode.swift; path = CelCRUDCharacterizationTests.swift; sourceTree = "<group>"; };
		DEC0DE000000000000000005 /* LayerTreeCharacterizationTests.swift */ = {isa = PBXFileReference; includeInIndex = 1; lastKnownFileType = sourcecode.swift; path = LayerTreeCharacterizationTests.swift; sourceTree = "<group>"; };
		DEC0DE000000000000000007 /* ViewPresetCharacterizationTests.swift */ = {isa = PBXFileReference; includeInIndex = 1; lastKnownFileType = sourcecode.swift; path = ViewPresetCharacterizationTests.swift; sourceTree = "<group>"; };
		DEC0DE000000000000000009 /* PaintSoftware/Engine/BrushLibrary.swift */ = {isa = PBXFileReference; includeInIndex = 1; lastKnownFileType = sourcecode.swift; path = PaintSoftware/Engine/BrushLibrary.swift; sourceTree = "<group>"; };
		DEC0DE00000000000000000B /* PaintSoftware/Engine/BrushStamper.swift */ = {isa = PBXFileReference; includeInIndex = 1; lastKnownFileType = sourcecode.swift; path = PaintSoftware/Engine/BrushStamper.swift; sourceTree = "<group>"; };
		DEC0DE00000000000000000D /* PaintSoftware/Engine/MetalFillEngine.swift */ = {isa = PBXFileReference; includeInIndex = 1; lastKnownFileType = sourcecode.swift; path = PaintSoftware/Engine/MetalFillEngine.swift; sourceTree = "<group>"; };
		DEC0DE00000000000000000F /* PaintSoftware/Engine/RasterLayerTexture.swift */ = {isa = PBXFileReference; includeInIndex = 1; lastKnownFileType = sourcecode.swift; path = PaintSoftware/Engine/RasterLayerTexture.swift; sourceTree = "<group>"; };
		DEC0DE000000000000000011 /* PaintSoftware/Engine/StrokeInput.swift */ = {isa = PBXFileReference; includeInIndex = 1; lastKnownFileType = sourcecode.swift; path = PaintSoftware/Engine/StrokeInput.swift; sourceTree = "<group>"; };
		DEC0DE000000000000000013 /* PaintSoftware/Engine/VectorLayer.swift */ = {isa = PBXFileReference; includeInIndex = 1; lastKnownFileType = sourcecode.swift; path = PaintSoftware/Engine/VectorLayer.swift; sourceTree = "<group>"; };
		DEC0DE000000000000000015 /* PaintSoftware/Models/CanvasManager.swift */ = {isa = PBXFileReference; includeInIndex = 1; lastKnownFileType = sourcecode.swift; path = PaintSoftware/Models/CanvasManager.swift; sourceTree = "<group>"; };
		DEC0DE00000000000000005C /* PaintSoftware/Models/CanvasManager+Fill.swift */ = {isa = PBXFileReference; includeInIndex = 1; lastKnownFileType = sourcecode.swift; path = "PaintSoftware/Models/CanvasManager+Fill.swift"; sourceTree = "<group>"; };
		DEC0DE00000000000000005A /* PaintSoftware/Models/CanvasManager+Shape.swift */ = {isa = PBXFileReference; includeInIndex = 1; lastKnownFileType = sourcecode.swift; path = "PaintSoftware/Models/CanvasManager+Shape.swift"; sourceTree = "<group>"; };
		DEC0DE000000000000000058 /* PaintSoftware/Models/CanvasManager+Undo.swift */ = {isa = PBXFileReference; includeInIndex = 1; lastKnownFileType = sourcecode.swift; path = "PaintSoftware/Models/CanvasManager+Undo.swift"; sourceTree = "<group>"; };
		DEC0DE000000000000000056 /* PaintSoftware/Models/CanvasManager+LayerTree.swift */ = {isa = PBXFileReference; includeInIndex = 1; lastKnownFileType = sourcecode.swift; path = "PaintSoftware/Models/CanvasManager+LayerTree.swift"; sourceTree = "<group>"; };
		DEC0DE000000000000000054 /* PaintSoftware/Models/CanvasManager+Document.swift */ = {isa = PBXFileReference; includeInIndex = 1; lastKnownFileType = sourcecode.swift; path = "PaintSoftware/Models/CanvasManager+Document.swift"; sourceTree = "<group>"; };
		DEC0DE000000000000000052 /* PaintSoftware/Models/CanvasManager+ViewPresets.swift */ = {isa = PBXFileReference; includeInIndex = 1; lastKnownFileType = sourcecode.swift; path = "PaintSoftware/Models/CanvasManager+ViewPresets.swift"; sourceTree = "<group>"; };
		DEC0DE000000000000000050 /* PaintSoftware/Models/CanvasManager+Timeline.swift */ = {isa = PBXFileReference; includeInIndex = 1; lastKnownFileType = sourcecode.swift; path = "PaintSoftware/Models/CanvasManager+Timeline.swift"; sourceTree = "<group>"; };
		DEC0DE000000000000000017 /* PaintSoftware/Models/Palette.swift */ = {isa = PBXFileReference; includeInIndex = 1; lastKnownFileType = sourcecode.swift; path = PaintSoftware/Models/Palette.swift; sourceTree = "<group>"; };
		DEC0DE000000000000000019 /* PaintSoftware/Models/ProjectManifest.swift */ = {isa = PBXFileReference; includeInIndex = 1; lastKnownFileType = sourcecode.swift; path = PaintSoftware/Models/ProjectManifest.swift; sourceTree = "<group>"; };
		DEC0DE00000000000000001B /* PaintSoftware/Models/SelectionModels.swift */ = {isa = PBXFileReference; includeInIndex = 1; lastKnownFileType = sourcecode.swift; path = PaintSoftware/Models/SelectionModels.swift; sourceTree = "<group>"; };
		DEC0DE00000000000000001D /* PaintSoftware/Models/UndoHistory.swift */ = {isa = PBXFileReference; includeInIndex = 1; lastKnownFileType = sourcecode.swift; path = PaintSoftware/Models/UndoHistory.swift; sourceTree = "<group>"; };
		DEC0DE00000000000000001F /* PaintSoftware/Services/PixelOps.swift */ = {isa = PBXFileReference; includeInIndex = 1; lastKnownFileType = sourcecode.swift; path = PaintSoftware/Services/PixelOps.swift; sourceTree = "<group>"; };
		DEC0DE000000000000000021 /* PaintSoftware/Services/ProjectStore.swift */ = {isa = PBXFileReference; includeInIndex = 1; lastKnownFileType = sourcecode.swift; path = PaintSoftware/Services/ProjectStore.swift; sourceTree = "<group>"; };
		DEC0DE000000000000000023 /* PaintSoftware/Utilities/AppVersion.swift */ = {isa = PBXFileReference; includeInIndex = 1; lastKnownFileType = sourcecode.swift; path = PaintSoftware/Utilities/AppVersion.swift; sourceTree = "<group>"; };
		DEC0DE000000000000000025 /* PaintSoftware/Utilities/ColorConversion.swift */ = {isa = PBXFileReference; includeInIndex = 1; lastKnownFileType = sourcecode.swift; path = PaintSoftware/Utilities/ColorConversion.swift; sourceTree = "<group>"; };
		DEC0DE000000000000000027 /* PaintSoftware/Utilities/ColorMath.swift */ = {isa = PBXFileReference; includeInIndex = 1; lastKnownFileType = sourcecode.swift; path = PaintSoftware/Utilities/ColorMath.swift; sourceTree = "<group>"; };
		DEC0DE000000000000000029 /* PaintSoftware/Utilities/ThumbnailRenderer.swift */ = {isa = PBXFileReference; includeInIndex = 1; lastKnownFileType = sourcecode.swift; path = PaintSoftware/Utilities/ThumbnailRenderer.swift; sourceTree = "<group>"; };
		DEC0DE0000000000000000F1 /* PerfBaselineTests.swift */ = {isa = PBXFileReference; includeInIndex = 1; lastKnownFileType = sourcecode.swift; path = PerfBaselineTests.swift; sourceTree = "<group>"; };
		DEC0DE000000000000000030 /* PaintSoftware/Models/Tool.swift */ = {isa = PBXFileReference; includeInIndex = 1; lastKnownFileType = sourcecode.swift; path = PaintSoftware/Models/Tool.swift; sourceTree = "<group>"; };
		DEC0DE000000000000000032 /* PaintSoftware/Models/LayerFolder.swift */ = {isa = PBXFileReference; includeInIndex = 1; lastKnownFileType = sourcecode.swift; path = PaintSoftware/Models/LayerFolder.swift; sourceTree = "<group>"; };
		DEC0DE000000000000000034 /* PaintSoftware/Models/ViewPreset.swift */ = {isa = PBXFileReference; includeInIndex = 1; lastKnownFileType = sourcecode.swift; path = PaintSoftware/Models/ViewPreset.swift; sourceTree = "<group>"; };
		DEC0DE000000000000000036 /* PaintSoftware/Models/LayerStackRow.swift */ = {isa = PBXFileReference; includeInIndex = 1; lastKnownFileType = sourcecode.swift; path = PaintSoftware/Models/LayerStackRow.swift; sourceTree = "<group>"; };
		DEC0DE000000000000000038 /* PaintSoftware/Models/Cel.swift */ = {isa = PBXFileReference; includeInIndex = 1; lastKnownFileType = sourcecode.swift; path = PaintSoftware/Models/Cel.swift; sourceTree = "<group>"; };
		DEC0DE00000000000000003A /* PaintSoftware/Models/CopiedCel.swift */ = {isa = PBXFileReference; includeInIndex = 1; lastKnownFileType = sourcecode.swift; path = PaintSoftware/Models/CopiedCel.swift; sourceTree = "<group>"; };
		DEC0DE00000000000000003C /* PaintSoftware/Models/LayerKind.swift */ = {isa = PBXFileReference; includeInIndex = 1; lastKnownFileType = sourcecode.swift; path = PaintSoftware/Models/LayerKind.swift; sourceTree = "<group>"; };
		DEC0DE00000000000000003E /* PaintSoftware/Models/Layer.swift */ = {isa = PBXFileReference; includeInIndex = 1; lastKnownFileType = sourcecode.swift; path = PaintSoftware/Models/Layer.swift; sourceTree = "<group>"; };
		DEC0DE000000000000000040 /* PaintSoftware/Models/LayerTransform.swift */ = {isa = PBXFileReference; includeInIndex = 1; lastKnownFileType = sourcecode.swift; path = PaintSoftware/Models/LayerTransform.swift; sourceTree = "<group>"; };
/* End PBXFileReference section */

/* Begin PBXFileSystemSynchronizedRootGroup section */
		3FC5E357300DBDA400401D35 /* PaintSoftware */ = {
			isa = PBXFileSystemSynchronizedRootGroup;
			path = PaintSoftware;
			sourceTree = "<group>";
		};
/* End PBXFileSystemSynchronizedRootGroup section */

/* Begin PBXFrameworksBuildPhase section */
		3FC5E352300DBDA400401D35 /* Frameworks */ = {
			isa = PBXFrameworksBuildPhase;
			buildActionMask = 2147483647;
			files = (
			);
			runOnlyForDeploymentPostprocessing = 0;
		};
		5253FE00439EC85D29F0006B /* Frameworks */ = {
			isa = PBXFrameworksBuildPhase;
			buildActionMask = 2147483647;
			files = (
				4E03FE4A7BAA4323E6837013 /* Foundation.framework in Frameworks */,
			);
			runOnlyForDeploymentPostprocessing = 0;
		};
/* End PBXFrameworksBuildPhase section */

/* Begin PBXGroup section */
		056E13575BFDC7C6FE8CEF9E /* iOS */ = {
			isa = PBXGroup;
			children = (
				7F624FB57490A92DFBDB344A /* Foundation.framework */,
			);
			name = iOS;
			sourceTree = "<group>";
		};
		059C668961D473A5DA641268 /* Frameworks */ = {
			isa = PBXGroup;
			children = (
				056E13575BFDC7C6FE8CEF9E /* iOS */,
			);
			name = Frameworks;
			sourceTree = "<group>";
		};
		3FC5E34C300DBDA400401D35 = {
			isa = PBXGroup;
			children = (
				3FC5E357300DBDA400401D35 /* PaintSoftware */,
				3FC5E356300DBDA400401D35 /* Products */,
				059C668961D473A5DA641268 /* Frameworks */,
				7DD8CAB96CBC75B388C33457 /* PaintSoftwareUITests */,
				C3D4E5F6001122334455A1B2 /* App sources shared with PaintSoftwareUITests */,
			);
			sourceTree = "<group>";
		};
		3FC5E356300DBDA400401D35 /* Products */ = {
			isa = PBXGroup;
			children = (
				3FC5E355300DBDA400401D35 /* PaintSoftware.app */,
				1F2F226A8353848514BB7213 /* PaintSoftwareUITests.xctest */,
			);
			name = Products;
			sourceTree = "<group>";
		};
		7DD8CAB96CBC75B388C33457 /* PaintSoftwareUITests */ = {
			isa = PBXGroup;
			children = (
				9A3A0221A22D3DDFCD4EEF94 /* PaintSoftwareUITests.swift */,
				A1B2C3D4E5F6001122334455 /* BrushEngineLogicTests.swift */,
				C9D0E1F2A3B4C5D6E7F80101 /* BackupManagerLogicTests.swift */,
				B2C3D4E5F6001122334455E1 /* ShapeDetectorLogicTests.swift */,
				DEC0DE000000000000000001 /* CanvasManagerTestSupport.swift */,
				DEC0DE000000000000000003 /* CelCRUDCharacterizationTests.swift */,
				DEC0DE000000000000000005 /* LayerTreeCharacterizationTests.swift */,
				DEC0DE000000000000000007 /* ViewPresetCharacterizationTests.swift */,
				DEC0DE0000000000000000F1 /* PerfBaselineTests.swift */,
			);
			path = PaintSoftwareUITests;
			sourceTree = "<group>";
		};
		C3D4E5F6001122334455A1B2 /* App sources shared with PaintSoftwareUITests */ = {
			isa = PBXGroup;
			children = (
				B2C3D4E5F6001122334455A1 /* PaintSoftware/Engine/Brush.swift */,
				B2C3D4E5F6001122334455B1 /* PaintSoftware/Engine/StrokeStabilizer.swift */,
				B2C3D4E5F6001122334455C1 /* PaintSoftware/Engine/ShapeGeometry.swift */,
				B2C3D4E5F6001122334455D1 /* PaintSoftware/Engine/ShapeDetector.swift */,
				C9D0E1F2A3B4C5D6E7F80103 /* PaintSoftware/Services/ProjectBackupManager.swift */,
				DEC0DE000000000000000009 /* PaintSoftware/Engine/BrushLibrary.swift */,
				DEC0DE00000000000000000B /* PaintSoftware/Engine/BrushStamper.swift */,
				DEC0DE00000000000000000D /* PaintSoftware/Engine/MetalFillEngine.swift */,
				DEC0DE00000000000000000F /* PaintSoftware/Engine/RasterLayerTexture.swift */,
				DEC0DE000000000000000011 /* PaintSoftware/Engine/StrokeInput.swift */,
				DEC0DE000000000000000013 /* PaintSoftware/Engine/VectorLayer.swift */,
				DEC0DE000000000000000015 /* PaintSoftware/Models/CanvasManager.swift */,
				DEC0DE00000000000000005C /* PaintSoftware/Models/CanvasManager+Fill.swift */,
				DEC0DE00000000000000005A /* PaintSoftware/Models/CanvasManager+Shape.swift */,
				DEC0DE000000000000000058 /* PaintSoftware/Models/CanvasManager+Undo.swift */,
				DEC0DE000000000000000056 /* PaintSoftware/Models/CanvasManager+LayerTree.swift */,
				DEC0DE000000000000000054 /* PaintSoftware/Models/CanvasManager+Document.swift */,
				DEC0DE000000000000000052 /* PaintSoftware/Models/CanvasManager+ViewPresets.swift */,
				DEC0DE000000000000000050 /* PaintSoftware/Models/CanvasManager+Timeline.swift */,
				DEC0DE000000000000000030 /* PaintSoftware/Models/Tool.swift */,
				DEC0DE000000000000000032 /* PaintSoftware/Models/LayerFolder.swift */,
				DEC0DE000000000000000034 /* PaintSoftware/Models/ViewPreset.swift */,
				DEC0DE000000000000000036 /* PaintSoftware/Models/LayerStackRow.swift */,
				DEC0DE000000000000000038 /* PaintSoftware/Models/Cel.swift */,
				DEC0DE00000000000000003A /* PaintSoftware/Models/CopiedCel.swift */,
				DEC0DE00000000000000003C /* PaintSoftware/Models/LayerKind.swift */,
				DEC0DE00000000000000003E /* PaintSoftware/Models/Layer.swift */,
				DEC0DE000000000000000040 /* PaintSoftware/Models/LayerTransform.swift */,
				DEC0DE000000000000000017 /* PaintSoftware/Models/Palette.swift */,
				DEC0DE000000000000000019 /* PaintSoftware/Models/ProjectManifest.swift */,
				DEC0DE00000000000000001B /* PaintSoftware/Models/SelectionModels.swift */,
				DEC0DE00000000000000001D /* PaintSoftware/Models/UndoHistory.swift */,
				DEC0DE00000000000000001F /* PaintSoftware/Services/PixelOps.swift */,
				DEC0DE000000000000000021 /* PaintSoftware/Services/ProjectStore.swift */,
				DEC0DE000000000000000023 /* PaintSoftware/Utilities/AppVersion.swift */,
				DEC0DE000000000000000025 /* PaintSoftware/Utilities/ColorConversion.swift */,
				DEC0DE000000000000000027 /* PaintSoftware/Utilities/ColorMath.swift */,
				DEC0DE000000000000000029 /* PaintSoftware/Utilities/ThumbnailRenderer.swift */,
			);
			name = "App sources shared with PaintSoftwareUITests";
			sourceTree = "<group>";
		};
/* End PBXGroup section */

/* Begin PBXNativeTarget section */
		3FC5E354300DBDA400401D35 /* PaintSoftware */ = {
			isa = PBXNativeTarget;
			buildConfigurationList = 3FC5E360300DBDA600401D35 /* Build configuration list for PBXNativeTarget "PaintSoftware" */;
			buildPhases = (
				3FC5E351300DBDA400401D35 /* Sources */,
				3FC5E352300DBDA400401D35 /* Frameworks */,
				3FC5E353300DBDA400401D35 /* Resources */,
			);
			buildRules = (
			);
			dependencies = (
			);
			fileSystemSynchronizedGroups = (
				3FC5E357300DBDA400401D35 /* PaintSoftware */,
			);
			name = PaintSoftware;
			productName = PaintSoftware;
			productReference = 3FC5E355300DBDA400401D35 /* PaintSoftware.app */;
			productType = "com.apple.product-type.application";
		};
		64610B6C176260C993719948 /* PaintSoftwareUITests */ = {
			isa = PBXNativeTarget;
			buildConfigurationList = 0F2073263AEBB7AB8406EB57 /* Build configuration list for PBXNativeTarget "PaintSoftwareUITests" */;
			buildPhases = (
				8F45156FC43DA86204566A6D /* Sources */,
				5253FE00439EC85D29F0006B /* Frameworks */,
				D5933952B50B4F14675D23A9 /* Resources */,
			);
			buildRules = (
			);
			dependencies = (
				D8320C4635BF49F0B7C2F00E /* PBXTargetDependency */,
			);
			name = PaintSoftwareUITests;
			productName = PaintSoftwareUITests;
			productReference = 1F2F226A8353848514BB7213 /* PaintSoftwareUITests.xctest */;
			productType = "com.apple.product-type.bundle.ui-testing";
		};
/* End PBXNativeTarget section */

/* Begin PBXProject section */
		3FC5E34D300DBDA400401D35 /* Project object */ = {
			isa = PBXProject;
			attributes = {
				BuildIndependentTargetsInParallel = 1;
				LastSwiftUpdateCheck = 2660;
				LastUpgradeCheck = 2660;
				TargetAttributes = {
					3FC5E354300DBDA400401D35 = {
						CreatedOnToolsVersion = 26.6;
					};
				};
			};
			buildConfigurationList = 3FC5E350300DBDA400401D35 /* Build configuration list for PBXProject "PaintSoftware" */;
			developmentRegion = en;
			hasScannedForEncodings = 0;
			knownRegions = (
				en,
				Base,
			);
			mainGroup = 3FC5E34C300DBDA400401D35;
			minimizedProjectReferenceProxies = 1;
			preferredProjectObjectVersion = 77;
			productRefGroup = 3FC5E356300DBDA400401D35 /* Products */;
			projectDirPath = "";
			projectRoot = "";
			targets = (
				3FC5E354300DBDA400401D35 /* PaintSoftware */,
				64610B6C176260C993719948 /* PaintSoftwareUITests */,
			);
		};
/* End PBXProject section */

/* Begin PBXResourcesBuildPhase section */
		3FC5E353300DBDA400401D35 /* Resources */ = {
			isa = PBXResourcesBuildPhase;
			buildActionMask = 2147483647;
			files = (
			);
			runOnlyForDeploymentPostprocessing = 0;
		};
		D5933952B50B4F14675D23A9 /* Resources */ = {
			isa = PBXResourcesBuildPhase;
			buildActionMask = 2147483647;
			files = (
			);
			runOnlyForDeploymentPostprocessing = 0;
		};
/* End PBXResourcesBuildPhase section */

/* Begin PBXSourcesBuildPhase section */
		3FC5E351300DBDA400401D35 /* Sources */ = {
			isa = PBXSourcesBuildPhase;
			buildActionMask = 2147483647;
			files = (
			);
			runOnlyForDeploymentPostprocessing = 0;
		};
		8F45156FC43DA86204566A6D /* Sources */ = {
			isa = PBXSourcesBuildPhase;
			buildActionMask = 2147483647;
			files = (
				10B07D0848312BA79330D207 /* PaintSoftwareUITests.swift in Sources */,
				A1B2C3D4E5F600112233445F /* BrushEngineLogicTests.swift in Sources */,
				C9D0E1F2A3B4C5D6E7F80102 /* BackupManagerLogicTests.swift in Sources */,
				B2C3D4E5F6001122334455A2 /* PaintSoftware/Engine/Brush.swift in Sources */,
				B2C3D4E5F6001122334455B2 /* PaintSoftware/Engine/StrokeStabilizer.swift in Sources */,
				B2C3D4E5F6001122334455C2 /* PaintSoftware/Engine/ShapeGeometry.swift in Sources */,
				B2C3D4E5F6001122334455D2 /* PaintSoftware/Engine/ShapeDetector.swift in Sources */,
				B2C3D4E5F6001122334455E2 /* ShapeDetectorLogicTests.swift in Sources */,
				C9D0E1F2A3B4C5D6E7F80104 /* PaintSoftware/Services/ProjectBackupManager.swift in Sources */,
				DEC0DE000000000000000002 /* CanvasManagerTestSupport.swift in Sources */,
				DEC0DE000000000000000004 /* CelCRUDCharacterizationTests.swift in Sources */,
				DEC0DE000000000000000006 /* LayerTreeCharacterizationTests.swift in Sources */,
				DEC0DE000000000000000008 /* ViewPresetCharacterizationTests.swift in Sources */,
				DEC0DE0000000000000000F2 /* PerfBaselineTests.swift in Sources */,
				DEC0DE00000000000000000A /* PaintSoftware/Engine/BrushLibrary.swift in Sources */,
				DEC0DE00000000000000000C /* PaintSoftware/Engine/BrushStamper.swift in Sources */,
				DEC0DE00000000000000000E /* PaintSoftware/Engine/MetalFillEngine.swift in Sources */,
				DEC0DE000000000000000010 /* PaintSoftware/Engine/RasterLayerTexture.swift in Sources */,
				DEC0DE000000000000000012 /* PaintSoftware/Engine/StrokeInput.swift in Sources */,
				DEC0DE000000000000000014 /* PaintSoftware/Engine/VectorLayer.swift in Sources */,
				DEC0DE000000000000000016 /* PaintSoftware/Models/CanvasManager.swift in Sources */,
				DEC0DE00000000000000005D /* PaintSoftware/Models/CanvasManager+Fill.swift in Sources */,
				DEC0DE00000000000000005B /* PaintSoftware/Models/CanvasManager+Shape.swift in Sources */,
				DEC0DE000000000000000059 /* PaintSoftware/Models/CanvasManager+Undo.swift in Sources */,
				DEC0DE000000000000000057 /* PaintSoftware/Models/CanvasManager+LayerTree.swift in Sources */,
				DEC0DE000000000000000055 /* PaintSoftware/Models/CanvasManager+Document.swift in Sources */,
				DEC0DE000000000000000053 /* PaintSoftware/Models/CanvasManager+ViewPresets.swift in Sources */,
				DEC0DE000000000000000051 /* PaintSoftware/Models/CanvasManager+Timeline.swift in Sources */,
				DEC0DE000000000000000031 /* PaintSoftware/Models/Tool.swift in Sources */,
				DEC0DE000000000000000033 /* PaintSoftware/Models/LayerFolder.swift in Sources */,
				DEC0DE000000000000000035 /* PaintSoftware/Models/ViewPreset.swift in Sources */,
				DEC0DE000000000000000037 /* PaintSoftware/Models/LayerStackRow.swift in Sources */,
				DEC0DE000000000000000039 /* PaintSoftware/Models/Cel.swift in Sources */,
				DEC0DE00000000000000003B /* PaintSoftware/Models/CopiedCel.swift in Sources */,
				DEC0DE00000000000000003D /* PaintSoftware/Models/LayerKind.swift in Sources */,
				DEC0DE00000000000000003F /* PaintSoftware/Models/Layer.swift in Sources */,
				DEC0DE000000000000000041 /* PaintSoftware/Models/LayerTransform.swift in Sources */,
				DEC0DE000000000000000018 /* PaintSoftware/Models/Palette.swift in Sources */,
				DEC0DE00000000000000001A /* PaintSoftware/Models/ProjectManifest.swift in Sources */,
				DEC0DE00000000000000001C /* PaintSoftware/Models/SelectionModels.swift in Sources */,
				DEC0DE00000000000000001E /* PaintSoftware/Models/UndoHistory.swift in Sources */,
				DEC0DE000000000000000020 /* PaintSoftware/Services/PixelOps.swift in Sources */,
				DEC0DE000000000000000022 /* PaintSoftware/Services/ProjectStore.swift in Sources */,
				DEC0DE000000000000000024 /* PaintSoftware/Utilities/AppVersion.swift in Sources */,
				DEC0DE000000000000000026 /* PaintSoftware/Utilities/ColorConversion.swift in Sources */,
				DEC0DE000000000000000028 /* PaintSoftware/Utilities/ColorMath.swift in Sources */,
				DEC0DE00000000000000002A /* PaintSoftware/Utilities/ThumbnailRenderer.swift in Sources */,
			);
			runOnlyForDeploymentPostprocessing = 0;
		};
/* End PBXSourcesBuildPhase section */

/* Begin PBXTargetDependency section */
		D8320C4635BF49F0B7C2F00E /* PBXTargetDependency */ = {
			isa = PBXTargetDependency;
			name = PaintSoftware;
			target = 3FC5E354300DBDA400401D35 /* PaintSoftware */;
			targetProxy = 109D364A5E5FD5D759F434A6 /* PBXContainerItemProxy */;
		};
/* End PBXTargetDependency section */

/* Begin XCBuildConfiguration section */
		3FC5E35E300DBDA600401D35 /* Debug */ = {
			isa = XCBuildConfiguration;
			buildSettings = {
				ALWAYS_SEARCH_USER_PATHS = NO;
				ASSETCATALOG_COMPILER_GENERATE_SWIFT_ASSET_SYMBOL_EXTENSIONS = YES;
				CLANG_ANALYZER_NONNULL = YES;
				CLANG_ANALYZER_NUMBER_OBJECT_CONVERSION = YES_AGGRESSIVE;
				CLANG_CXX_LANGUAGE_STANDARD = "gnu++20";
				CLANG_ENABLE_MODULES = YES;
				CLANG_ENABLE_OBJC_ARC = YES;
				CLANG_ENABLE_OBJC_WEAK = YES;
				CLANG_WARN_BLOCK_CAPTURE_AUTORELEASING = YES;
				CLANG_WARN_BOOL_CONVERSION = YES;
				CLANG_WARN_COMMA = YES;
				CLANG_WARN_CONSTANT_CONVERSION = YES;
				CLANG_WARN_DEPRECATED_OBJC_IMPLEMENTATIONS = YES;
				CLANG_WARN_DIRECT_OBJC_ISA_USAGE = YES_ERROR;
				CLANG_WARN_DOCUMENTATION_COMMENTS = YES;
				CLANG_WARN_EMPTY_BODY = YES;
				CLANG_WARN_ENUM_CONVERSION = YES;
				CLANG_WARN_INFINITE_RECURSION = YES;
				CLANG_WARN_INT_CONVERSION = YES;
				CLANG_WARN_NON_LITERAL_NULL_CONVERSION = YES;
				CLANG_WARN_OBJC_IMPLICIT_RETAIN_SELF = YES;
				CLANG_WARN_OBJC_LITERAL_CONVERSION = YES;
				CLANG_WARN_OBJC_ROOT_CLASS = YES_ERROR;
				CLANG_WARN_QUOTED_INCLUDE_IN_FRAMEWORK_HEADER = YES;
				CLANG_WARN_RANGE_LOOP_ANALYSIS = YES;
				CLANG_WARN_STRICT_PROTOTYPES = YES;
				CLANG_WARN_SUSPICIOUS_MOVE = YES;
				CLANG_WARN_UNGUARDED_AVAILABILITY = YES_AGGRESSIVE;
				CLANG_WARN_UNREACHABLE_CODE = YES;
				CLANG_WARN__DUPLICATE_METHOD_MATCH = YES;
				COPY_PHASE_STRIP = NO;
				DEBUG_INFORMATION_FORMAT = dwarf;
				ENABLE_STRICT_OBJC_MSGSEND = YES;
				ENABLE_TESTABILITY = YES;
				ENABLE_USER_SCRIPT_SANDBOXING = YES;
				GCC_C_LANGUAGE_STANDARD = gnu17;
				GCC_DYNAMIC_NO_PIC = NO;
				GCC_NO_COMMON_BLOCKS = YES;
				GCC_OPTIMIZATION_LEVEL = 0;
				GCC_PREPROCESSOR_DEFINITIONS = (
					"DEBUG=1",
					"$(inherited)",
				);
				GCC_WARN_64_TO_32_BIT_CONVERSION = YES;
				GCC_WARN_ABOUT_RETURN_TYPE = YES_ERROR;
				GCC_WARN_UNDECLARED_SELECTOR = YES;
				GCC_WARN_UNINITIALIZED_AUTOS = YES_AGGRESSIVE;
				GCC_WARN_UNUSED_FUNCTION = YES;
				GCC_WARN_UNUSED_VARIABLE = YES;
				LOCALIZATION_PREFERS_STRING_CATALOGS = YES;
				MTL_ENABLE_DEBUG_INFO = INCLUDE_SOURCE;
				MTL_FAST_MATH = YES;
				ONLY_ACTIVE_ARCH = YES;
				SWIFT_ACTIVE_COMPILATION_CONDITIONS = "DEBUG $(inherited)";
				SWIFT_OPTIMIZATION_LEVEL = "-Onone";
			};
			name = Debug;
		};
		3FC5E35F300DBDA600401D35 /* Release */ = {
			isa = XCBuildConfiguration;
			buildSettings = {
				ALWAYS_SEARCH_USER_PATHS = NO;
				ASSETCATALOG_COMPILER_GENERATE_SWIFT_ASSET_SYMBOL_EXTENSIONS = YES;
				CLANG_ANALYZER_NONNULL = YES;
				CLANG_ANALYZER_NUMBER_OBJECT_CONVERSION = YES_AGGRESSIVE;
				CLANG_CXX_LANGUAGE_STANDARD = "gnu++20";
				CLANG_ENABLE_MODULES = YES;
				CLANG_ENABLE_OBJC_ARC = YES;
				CLANG_ENABLE_OBJC_WEAK = YES;
				CLANG_WARN_BLOCK_CAPTURE_AUTORELEASING = YES;
				CLANG_WARN_BOOL_CONVERSION = YES;
				CLANG_WARN_COMMA = YES;
				CLANG_WARN_CONSTANT_CONVERSION = YES;
				CLANG_WARN_DEPRECATED_OBJC_IMPLEMENTATIONS = YES;
				CLANG_WARN_DIRECT_OBJC_ISA_USAGE = YES_ERROR;
				CLANG_WARN_DOCUMENTATION_COMMENTS = YES;
				CLANG_WARN_EMPTY_BODY = YES;
				CLANG_WARN_ENUM_CONVERSION = YES;
				CLANG_WARN_INFINITE_RECURSION = YES;
				CLANG_WARN_INT_CONVERSION = YES;
				CLANG_WARN_NON_LITERAL_NULL_CONVERSION = YES;
				CLANG_WARN_OBJC_IMPLICIT_RETAIN_SELF = YES;
				CLANG_WARN_OBJC_LITERAL_CONVERSION = YES;
				CLANG_WARN_OBJC_ROOT_CLASS = YES_ERROR;
				CLANG_WARN_QUOTED_INCLUDE_IN_FRAMEWORK_HEADER = YES;
				CLANG_WARN_RANGE_LOOP_ANALYSIS = YES;
				CLANG_WARN_STRICT_PROTOTYPES = YES;
				CLANG_WARN_SUSPICIOUS_MOVE = YES;
				CLANG_WARN_UNGUARDED_AVAILABILITY = YES_AGGRESSIVE;
				CLANG_WARN_UNREACHABLE_CODE = YES;
				CLANG_WARN__DUPLICATE_METHOD_MATCH = YES;
				COPY_PHASE_STRIP = NO;
				DEBUG_INFORMATION_FORMAT = "dwarf-with-dsym";
				ENABLE_NS_ASSERTIONS = NO;
				ENABLE_STRICT_OBJC_MSGSEND = YES;
				ENABLE_USER_SCRIPT_SANDBOXING = YES;
				GCC_C_LANGUAGE_STANDARD = gnu17;
				GCC_NO_COMMON_BLOCKS = YES;
				GCC_WARN_64_TO_32_BIT_CONVERSION = YES;
				GCC_WARN_ABOUT_RETURN_TYPE = YES_ERROR;
				GCC_WARN_UNDECLARED_SELECTOR = YES;
				GCC_WARN_UNINITIALIZED_AUTOS = YES_AGGRESSIVE;
				GCC_WARN_UNUSED_FUNCTION = YES;
				GCC_WARN_UNUSED_VARIABLE = YES;
				LOCALIZATION_PREFERS_STRING_CATALOGS = YES;
				MTL_ENABLE_DEBUG_INFO = NO;
				MTL_FAST_MATH = YES;
				SWIFT_COMPILATION_MODE = wholemodule;
			};
			name = Release;
		};
		3FC5E361300DBDA600401D35 /* Debug */ = {
			isa = XCBuildConfiguration;
			buildSettings = {
				ASSETCATALOG_COMPILER_APPICON_NAME = AppIcon;
				ASSETCATALOG_COMPILER_GLOBAL_ACCENT_COLOR_NAME = AccentColor;
				"CODE_SIGN_IDENTITY[sdk=macosx*]" = "-";
				CODE_SIGN_STYLE = Automatic;
				CURRENT_PROJECT_VERSION = 1;
				DEVELOPMENT_TEAM = 354YBUT74A;
				ENABLE_APP_SANDBOX = YES;
				ENABLE_PREVIEWS = YES;
				ENABLE_USER_SELECTED_FILES = readonly;
				GENERATE_INFOPLIST_FILE = YES;
				"INFOPLIST_KEY_UIApplicationSceneManifest_Generation[sdk=iphoneos*]" = YES;
				"INFOPLIST_KEY_UIApplicationSceneManifest_Generation[sdk=iphonesimulator*]" = YES;
				"INFOPLIST_KEY_UIApplicationSupportsIndirectInputEvents[sdk=iphoneos*]" = YES;
				"INFOPLIST_KEY_UIApplicationSupportsIndirectInputEvents[sdk=iphonesimulator*]" = YES;
				"INFOPLIST_KEY_UILaunchScreen_Generation[sdk=iphoneos*]" = YES;
				"INFOPLIST_KEY_UILaunchScreen_Generation[sdk=iphonesimulator*]" = YES;
				"INFOPLIST_KEY_UIStatusBarStyle[sdk=iphoneos*]" = UIStatusBarStyleDefault;
				"INFOPLIST_KEY_UIStatusBarStyle[sdk=iphonesimulator*]" = UIStatusBarStyleDefault;
				INFOPLIST_KEY_UISupportedInterfaceOrientations_iPad = "UIInterfaceOrientationPortrait UIInterfaceOrientationPortraitUpsideDown UIInterfaceOrientationLandscapeLeft UIInterfaceOrientationLandscapeRight";
				INFOPLIST_KEY_UISupportedInterfaceOrientations_iPhone = "UIInterfaceOrientationPortrait UIInterfaceOrientationLandscapeLeft UIInterfaceOrientationLandscapeRight";
				IPHONEOS_DEPLOYMENT_TARGET = 26.5;
				LD_RUNPATH_SEARCH_PATHS = "@executable_path/Frameworks";
				"LD_RUNPATH_SEARCH_PATHS[sdk=macosx*]" = "@executable_path/../Frameworks";
				MACOSX_DEPLOYMENT_TARGET = 26.5;
				MARKETING_VERSION = 1.0.43;
				PRODUCT_BUNDLE_IDENTIFIER = Starg.PaintSoftware;
				PRODUCT_NAME = "$(TARGET_NAME)";
				REGISTER_APP_GROUPS = YES;
				SDKROOT = auto;
				STRING_CATALOG_GENERATE_SYMBOLS = YES;
				SUPPORTED_PLATFORMS = "iphoneos iphonesimulator macosx xros xrsimulator";
				SWIFT_APPROACHABLE_CONCURRENCY = YES;
				SWIFT_DEFAULT_ACTOR_ISOLATION = MainActor;
				SWIFT_EMIT_LOC_STRINGS = YES;
				SWIFT_UPCOMING_FEATURE_MEMBER_IMPORT_VISIBILITY = YES;
				SWIFT_VERSION = 5.0;
				TARGETED_DEVICE_FAMILY = "1,2,7";
				XROS_DEPLOYMENT_TARGET = 26.5;
			};
			name = Debug;
		};
		3FC5E362300DBDA600401D35 /* Release */ = {
			isa = XCBuildConfiguration;
			buildSettings = {
				ASSETCATALOG_COMPILER_APPICON_NAME = AppIcon;
				ASSETCATALOG_COMPILER_GLOBAL_ACCENT_COLOR_NAME = AccentColor;
				"CODE_SIGN_IDENTITY[sdk=macosx*]" = "-";
				CODE_SIGN_STYLE = Automatic;
				CURRENT_PROJECT_VERSION = 1;
				DEVELOPMENT_TEAM = 354YBUT74A;
				ENABLE_APP_SANDBOX = YES;
				ENABLE_PREVIEWS = YES;
				ENABLE_USER_SELECTED_FILES = readonly;
				GENERATE_INFOPLIST_FILE = YES;
				"INFOPLIST_KEY_UIApplicationSceneManifest_Generation[sdk=iphoneos*]" = YES;
				"INFOPLIST_KEY_UIApplicationSceneManifest_Generation[sdk=iphonesimulator*]" = YES;
				"INFOPLIST_KEY_UIApplicationSupportsIndirectInputEvents[sdk=iphoneos*]" = YES;
				"INFOPLIST_KEY_UIApplicationSupportsIndirectInputEvents[sdk=iphonesimulator*]" = YES;
				"INFOPLIST_KEY_UILaunchScreen_Generation[sdk=iphoneos*]" = YES;
				"INFOPLIST_KEY_UILaunchScreen_Generation[sdk=iphonesimulator*]" = YES;
				"INFOPLIST_KEY_UIStatusBarStyle[sdk=iphoneos*]" = UIStatusBarStyleDefault;
				"INFOPLIST_KEY_UIStatusBarStyle[sdk=iphonesimulator*]" = UIStatusBarStyleDefault;
				INFOPLIST_KEY_UISupportedInterfaceOrientations_iPad = "UIInterfaceOrientationPortrait UIInterfaceOrientationPortraitUpsideDown UIInterfaceOrientationLandscapeLeft UIInterfaceOrientationLandscapeRight";
				INFOPLIST_KEY_UISupportedInterfaceOrientations_iPhone = "UIInterfaceOrientationPortrait UIInterfaceOrientationLandscapeLeft UIInterfaceOrientationLandscapeRight";
				IPHONEOS_DEPLOYMENT_TARGET = 26.5;
				LD_RUNPATH_SEARCH_PATHS = "@executable_path/Frameworks";
				"LD_RUNPATH_SEARCH_PATHS[sdk=macosx*]" = "@executable_path/../Frameworks";
				MACOSX_DEPLOYMENT_TARGET = 26.5;
				MARKETING_VERSION = 1.0.43;
				PRODUCT_BUNDLE_IDENTIFIER = Starg.PaintSoftware;
				PRODUCT_NAME = "$(TARGET_NAME)";
				REGISTER_APP_GROUPS = YES;
				SDKROOT = auto;
				STRING_CATALOG_GENERATE_SYMBOLS = YES;
				SUPPORTED_PLATFORMS = "iphoneos iphonesimulator macosx xros xrsimulator";
				SWIFT_APPROACHABLE_CONCURRENCY = YES;
				SWIFT_DEFAULT_ACTOR_ISOLATION = MainActor;
				SWIFT_EMIT_LOC_STRINGS = YES;
				SWIFT_UPCOMING_FEATURE_MEMBER_IMPORT_VISIBILITY = YES;
				SWIFT_VERSION = 5.0;
				TARGETED_DEVICE_FAMILY = "1,2,7";
				XROS_DEPLOYMENT_TARGET = 26.5;
			};
			name = Release;
		};
		A524A904B4D713628B02B79A /* Release */ = {
			isa = XCBuildConfiguration;
			buildSettings = {
				CLANG_ENABLE_OBJC_WEAK = NO;
				CODE_SIGN_STYLE = Automatic;
				CURRENT_PROJECT_VERSION = 1;
				DEVELOPMENT_TEAM = 354YBUT74A;
				GENERATE_INFOPLIST_FILE = YES;
				IPHONEOS_DEPLOYMENT_TARGET = 26.5;
				MARKETING_VERSION = 1.0.43;
				PRODUCT_BUNDLE_IDENTIFIER = Starg.PaintSoftwareUITests;
				PRODUCT_NAME = "$(TARGET_NAME)";
				SDKROOT = iphoneos;
				SUPPORTED_PLATFORMS = "iphoneos iphonesimulator";
				SWIFT_EMIT_LOC_STRINGS = NO;
				SWIFT_VERSION = 5.0;
				TARGETED_DEVICE_FAMILY = "1,2";
				TEST_TARGET_NAME = PaintSoftware;
				VALIDATE_PRODUCT = YES;
			};
			name = Release;
		};
		E4BE057CEF43ACF48E790F5E /* Debug */ = {
			isa = XCBuildConfiguration;
			buildSettings = {
				CLANG_ENABLE_OBJC_WEAK = NO;
				CODE_SIGN_STYLE = Automatic;
				CURRENT_PROJECT_VERSION = 1;
				DEVELOPMENT_TEAM = 354YBUT74A;
				GENERATE_INFOPLIST_FILE = YES;
				IPHONEOS_DEPLOYMENT_TARGET = 26.5;
				MARKETING_VERSION = 1.0.43;
				PRODUCT_BUNDLE_IDENTIFIER = Starg.PaintSoftwareUITests;
				PRODUCT_NAME = "$(TARGET_NAME)";
				SDKROOT = iphoneos;
				SUPPORTED_PLATFORMS = "iphoneos iphonesimulator";
				SWIFT_EMIT_LOC_STRINGS = NO;
				SWIFT_VERSION = 5.0;
				TARGETED_DEVICE_FAMILY = "1,2";
				TEST_TARGET_NAME = PaintSoftware;
			};
			name = Debug;
		};
/* End XCBuildConfiguration section */

/* Begin XCConfigurationList section */
		0F2073263AEBB7AB8406EB57 /* Build configuration list for PBXNativeTarget "PaintSoftwareUITests" */ = {
			isa = XCConfigurationList;
			buildConfigurations = (
				A524A904B4D713628B02B79A /* Release */,
				E4BE057CEF43ACF48E790F5E /* Debug */,
			);
			defaultConfigurationIsVisible = 0;
			defaultConfigurationName = Release;
		};
		3FC5E350300DBDA400401D35 /* Build configuration list for PBXProject "PaintSoftware" */ = {
			isa = XCConfigurationList;
			buildConfigurations = (
				3FC5E35E300DBDA600401D35 /* Debug */,
				3FC5E35F300DBDA600401D35 /* Release */,
			);
			defaultConfigurationIsVisible = 0;
			defaultConfigurationName = Release;
		};
		3FC5E360300DBDA600401D35 /* Build configuration list for PBXNativeTarget "PaintSoftware" */ = {
			isa = XCConfigurationList;
			buildConfigurations = (
				3FC5E361300DBDA600401D35 /* Debug */,
				3FC5E362300DBDA600401D35 /* Release */,
			);
			defaultConfigurationIsVisible = 0;
			defaultConfigurationName = Release;
		};
/* End XCConfigurationList section */
	};
	rootObject = 3FC5E34D300DBDA400401D35 /* Project object */;
}
