Microsoft Visual Studio Solution File, Format Version 12.00
# Visual Studio Version 17
VisualStudioVersion = 17.0.31903.59
MinimumVisualStudioVersion = 10.0.40219.1
Project("{FAE04EC0-301F-11D3-BF4B-00C04F79EFBC}") = "Streamer.Core", "Streamer.Core\Streamer.Core.csproj", "{B13916DD-2471-4B54-B70D-47CB7FA6CCFA}"
EndProject
Project("{FAE04EC0-301F-11D3-BF4B-00C04F79EFBC}") = "Streamer.Tray", "Streamer.Tray\Streamer.Tray.csproj", "{A111CCBE-B4C3-4BBB-B59E-C9CD7E6B7B36}"
EndProject
Project("{FAE04EC0-301F-11D3-BF4B-00C04F79EFBC}") = "Streamer.Tests", "Streamer.Tests\Streamer.Tests.csproj", "{62A59C07-EF65-4F28-AF41-5568FDFDD80F}"
EndProject
Global
	GlobalSection(SolutionConfigurationPlatforms) = preSolution
		Debug|Any CPU = Debug|Any CPU
		Release|Any CPU = Release|Any CPU
	EndGlobalSection
	GlobalSection(ProjectConfigurationPlatforms) = postSolution
		{B13916DD-2471-4B54-B70D-47CB7FA6CCFA}.Debug|Any CPU.ActiveCfg = Debug|Any CPU
		{B13916DD-2471-4B54-B70D-47CB7FA6CCFA}.Debug|Any CPU.Build.0 = Debug|Any CPU
		{B13916DD-2471-4B54-B70D-47CB7FA6CCFA}.Release|Any CPU.ActiveCfg = Release|Any CPU
		{B13916DD-2471-4B54-B70D-47CB7FA6CCFA}.Release|Any CPU.Build.0 = Release|Any CPU
		{A111CCBE-B4C3-4BBB-B59E-C9CD7E6B7B36}.Debug|Any CPU.ActiveCfg = Debug|Any CPU
		{A111CCBE-B4C3-4BBB-B59E-C9CD7E6B7B36}.Debug|Any CPU.Build.0 = Debug|Any CPU
		{A111CCBE-B4C3-4BBB-B59E-C9CD7E6B7B36}.Release|Any CPU.ActiveCfg = Release|Any CPU
		{A111CCBE-B4C3-4BBB-B59E-C9CD7E6B7B36}.Release|Any CPU.Build.0 = Release|Any CPU
		{62A59C07-EF65-4F28-AF41-5568FDFDD80F}.Debug|Any CPU.ActiveCfg = Debug|Any CPU
		{62A59C07-EF65-4F28-AF41-5568FDFDD80F}.Debug|Any CPU.Build.0 = Debug|Any CPU
		{62A59C07-EF65-4F28-AF41-5568FDFDD80F}.Release|Any CPU.ActiveCfg = Release|Any CPU
		{62A59C07-EF65-4F28-AF41-5568FDFDD80F}.Release|Any CPU.Build.0 = Release|Any CPU
	EndGlobalSection
	GlobalSection(SolutionProperties) = preSolution
		HideSolutionNode = FALSE
	EndGlobalSection
	GlobalSection(ExtensibilityGlobals) = postSolution
		SolutionGuid = {4F7F09BF-6A8F-4955-9B9F-F4057D5F721C}
	EndGlobalSection
EndGlobal
